
Microsoft Visual Studio Solution File, Format Version 12.00
# Visual Studio Version 16
VisualStudioVersion = 16.0.33214.272
MinimumVisualStudioVersion = 10.0.40219.1
Project("{FAE04EC0-301F-11D3-BF4B-00C04F79EFBC}") = "Mission4", "Mission4\Mission4.csproj", "{D3546895-1072-48BE-ADC6-921F91A7E701}"
EndProject
Global
	GlobalSection(SolutionConfigurationPlatforms) = preSolution
		Debug|Any CPU = Debug|Any CPU
		Release|Any CPU = Release|Any CPU
	EndGlobalSection
	GlobalSection(ProjectConfigurationPlatforms) = postSolution
		{D3546895-1072-48BE-ADC6-921F91A7E701}.Debug|Any CPU.ActiveCfg = Debug|Any CPU
		{D3546895-1072-48BE-ADC6-921F91A7E701}.Debug|Any CPU.Build.0 = Debug|Any CPU
		{D3546895-1072-48BE-ADC6-921F91A7E701}.Release|Any CPU.ActiveCfg = Release|Any CPU
		{D3546895-1072-48BE-ADC6-921F91A7E701}.Release|Any CPU.Build.0 = Release|Any CPU
	EndGlobalSection
	GlobalSection(SolutionProperties) = preSolution
		HideSolutionNode = FALSE
	EndGlobalSection
	GlobalSection(ExtensibilityGlobals) = postSolution
		SolutionGuid = {F7F05C64-28CA-4E0E-B088-4CE6A27F49A3}
	EndGlobalSection
EndGlobal
